
Microsoft Visual Studio Solution File, Format Version 12.00
# Visual Studio Version 17
VisualStudioVersion = 17.9.34714.143
MinimumVisualStudioVersion = 10.0.40219.1
Project("{FAE04EC0-301F-11D3-BF4B-00C04F79EFBC}") = "APNLibrary", "APNLibrary\APNLibrary.csproj", "{11654E78-5EBC-414C-9FAB-80E45F4C9ED4}"
EndProject
Project("{FAE04EC0-301F-11D3-BF4B-00C04F79EFBC}") = "APNLibraryTests", "APNLibraryTests\APNLibraryTests.csproj", "{DAC3AB43-3D90-4A34-80F6-85DEF6A7A4C5}"
EndProject
Global
	GlobalSection(SolutionConfigurationPlatforms) = preSolution
		Debug|Any CPU = Debug|Any CPU
		Release|Any CPU = Release|Any CPU
	EndGlobalSection
	GlobalSection(ProjectConfigurationPlatforms) = postSolution
		{11654E78-5EBC-414C-9FAB-80E45F4C9ED4}.Debug|Any CPU.ActiveCfg = Debug|Any CPU
		{11654E78-5EBC-414C-9FAB-80E45F4C9ED4}.Debug|Any CPU.Build.0 = Debug|Any CPU
		{11654E78-5EBC-414C-9FAB-80E45F4C9ED4}.Release|Any CPU.ActiveCfg = Release|Any CPU
		{11654E78-5EBC-414C-9FAB-80E45F4C9ED4}.Release|Any CPU.Build.0 = Release|Any CPU
		{DAC3AB43-3D90-4A34-80F6-85DEF6A7A4C5}.Debug|Any CPU.ActiveCfg = Debug|Any CPU
		{DAC3AB43-3D90-4A34-80F6-85DEF6A7A4C5}.Debug|Any CPU.Build.0 = Debug|Any CPU
		{DAC3AB43-3D90-4A34-80F6-85DEF6A7A4C5}.Release|Any CPU.ActiveCfg = Release|Any CPU
		{DAC3AB43-3D90-4A34-80F6-85DEF6A7A4C5}.Release|Any CPU.Build.0 = Release|Any CPU
	EndGlobalSection
	GlobalSection(SolutionProperties) = preSolution
		HideSolutionNode = FALSE
	EndGlobalSection
	GlobalSection(ExtensibilityGlobals) = postSolution
		SolutionGuid = {0A41764A-69C3-44A4-B515-500D9777F253}
	EndGlobalSection
EndGlobal
